
Microsoft Visual Studio Solution File, Format Version 12.00
# Visual Studio Version 17
VisualStudioVersion = 17.2.32602.215
MinimumVisualStudioVersion = 10.0.40219.1
Project("{FAE04EC0-301F-11D3-BF4B-00C04F79EFBC}") = "Diabetes", "Diabetes\Diabetes.csproj", "{ED921291-8303-4CA2-9BE8-6E79A909EE28}"
EndProject
Global
	GlobalSection(SolutionConfigurationPlatforms) = preSolution
		Debug|Any CPU = Debug|Any CPU
		Release|Any CPU = Release|Any CPU
	EndGlobalSection
	GlobalSection(ProjectConfigurationPlatforms) = postSolution
		{ED921291-8303-4CA2-9BE8-6E79A909EE28}.Debug|Any CPU.ActiveCfg = Debug|Any CPU
		{ED921291-8303-4CA2-9BE8-6E79A909EE28}.Debug|Any CPU.Build.0 = Debug|Any CPU
		{ED921291-8303-4CA2-9BE8-6E79A909EE28}.Release|Any CPU.ActiveCfg = Release|Any CPU
		{ED921291-8303-4CA2-9BE8-6E79A909EE28}.Release|Any CPU.Build.0 = Release|Any CPU
	EndGlobalSection
	GlobalSection(SolutionProperties) = preSolution
		HideSolutionNode = FALSE
	EndGlobalSection
	GlobalSection(ExtensibilityGlobals) = postSolution
		SolutionGuid = {AA43ADD3-F60B-44FC-A9F9-47E16F4BB735}
	EndGlobalSection
EndGlobal
